
Microsoft Visual Studio Solution File, Format Version 12.00
# Visual Studio 14
VisualStudioVersion = 14.0.22823.1
MinimumVisualStudioVersion = 10.0.40219.1
Project("{FAE04EC0-301F-11D3-BF4B-00C04F79EFBC}") = "Dargon.VirtualFileMaps", "Dargon.VirtualFileMaps.csproj", "{042537A3-62A7-4A9B-98D5-D425B001D86B}"
EndProject
Project("{FAE04EC0-301F-11D3-BF4B-00C04F79EFBC}") = "libvfm.Test", "Test\libvfm.Test.csproj", "{34003068-9102-4EB4-8A6E-F1C57646E94B}"
EndProject
Global
	GlobalSection(SolutionConfigurationPlatforms) = preSolution
		Debug|Any CPU = Debug|Any CPU
		Release|Any CPU = Release|Any CPU
	EndGlobalSection
	GlobalSection(ProjectConfigurationPlatforms) = postSolution
		{042537A3-62A7-4A9B-98D5-D425B001D86B}.Debug|Any CPU.ActiveCfg = Debug|Any CPU
		{042537A3-62A7-4A9B-98D5-D425B001D86B}.Debug|Any CPU.Build.0 = Debug|Any CPU
		{042537A3-62A7-4A9B-98D5-D425B001D86B}.Release|Any CPU.ActiveCfg = Release|Any CPU
		{042537A3-62A7-4A9B-98D5-D425B001D86B}.Release|Any CPU.Build.0 = Release|Any CPU
		{34003068-9102-4EB4-8A6E-F1C57646E94B}.Debug|Any CPU.ActiveCfg = Debug|Any CPU
		{34003068-9102-4EB4-8A6E-F1C57646E94B}.Debug|Any CPU.Build.0 = Debug|Any CPU
		{34003068-9102-4EB4-8A6E-F1C57646E94B}.Release|Any CPU.ActiveCfg = Release|Any CPU
		{34003068-9102-4EB4-8A6E-F1C57646E94B}.Release|Any CPU.Build.0 = Release|Any CPU
	EndGlobalSection
	GlobalSection(SolutionProperties) = preSolution
		HideSolutionNode = FALSE
	EndGlobalSection
EndGlobal
